
Microsoft Visual Studio Solution File, Format Version 12.00
# Visual Studio 15
VisualStudioVersion = 15.0.27004.2002
MinimumVisualStudioVersion = 10.0.40219.1
Project("{FAE04EC0-301F-11D3-BF4B-00C04F79EFBC}") = "Vanavond", "Vanavond\Vanavond.csproj", "{EE90C72C-F10D-4FB3-A25E-000E9E5718B6}"
EndProject
Global
	GlobalSection(SolutionConfigurationPlatforms) = preSolution
		Debug|Any CPU = Debug|Any CPU
		Release|Any CPU = Release|Any CPU
	EndGlobalSection
	GlobalSection(ProjectConfigurationPlatforms) = postSolution
		{EE90C72C-F10D-4FB3-A25E-000E9E5718B6}.Debug|Any CPU.ActiveCfg = Debug|Any CPU
		{EE90C72C-F10D-4FB3-A25E-000E9E5718B6}.Debug|Any CPU.Build.0 = Debug|Any CPU
		{EE90C72C-F10D-4FB3-A25E-000E9E5718B6}.Release|Any CPU.ActiveCfg = Release|Any CPU
		{EE90C72C-F10D-4FB3-A25E-000E9E5718B6}.Release|Any CPU.Build.0 = Release|Any CPU
	EndGlobalSection
	GlobalSection(SolutionProperties) = preSolution
		HideSolutionNode = FALSE
	EndGlobalSection
	GlobalSection(ExtensibilityGlobals) = postSolution
		SolutionGuid = {3084A99E-3051-47E4-883F-E15E32E5BC81}
	EndGlobalSection
EndGlobal
